
Microsoft Visual Studio Solution File, Format Version 12.00
# Visual Studio Version 17
VisualStudioVersion = 17.3.32922.545
MinimumVisualStudioVersion = 10.0.40219.1
Project("{9A19103F-16F7-4668-BE54-9A1E7A4F7556}") = "Silvestre.Crypto.HierarchicalDeterministicWallet", "src\Silvestre.Crypto.HierarchicalDeterministicWallet\Silvestre.Crypto.HierarchicalDeterministicWallet.csproj", "{8EB91ED9-F6F3-4C45-B813-8B7125079368}"
EndProject
Project("{2150E333-8FDC-42A3-9474-1A3956D46DE8}") = "HDWallet", "HDWallet", "{31258D5E-E06B-4A7D-AC95-C0BB293BB5D4}"
EndProject
Project("{9A19103F-16F7-4668-BE54-9A1E7A4F7556}") = "Silvestre.Crypto.HierarchicalDeterministicWallet.Tests", "tests\Silvestre.Crypto.HierarchicalDeterministicWallet.Tests\Silvestre.Crypto.HierarchicalDeterministicWallet.Tests.csproj", "{0B55401F-58B0-43F8-9C1D-E989DA29CD28}"
EndProject
Global
	GlobalSection(SolutionConfigurationPlatforms) = preSolution
		Debug|Any CPU = Debug|Any CPU
		Release|Any CPU = Release|Any CPU
	EndGlobalSection
	GlobalSection(ProjectConfigurationPlatforms) = postSolution
		{8EB91ED9-F6F3-4C45-B813-8B7125079368}.Debug|Any CPU.ActiveCfg = Debug|Any CPU
		{8EB91ED9-F6F3-4C45-B813-8B7125079368}.Debug|Any CPU.Build.0 = Debug|Any CPU
		{8EB91ED9-F6F3-4C45-B813-8B7125079368}.Release|Any CPU.ActiveCfg = Release|Any CPU
		{8EB91ED9-F6F3-4C45-B813-8B7125079368}.Release|Any CPU.Build.0 = Release|Any CPU
		{0B55401F-58B0-43F8-9C1D-E989DA29CD28}.Debug|Any CPU.ActiveCfg = Debug|Any CPU
		{0B55401F-58B0-43F8-9C1D-E989DA29CD28}.Debug|Any CPU.Build.0 = Debug|Any CPU
		{0B55401F-58B0-43F8-9C1D-E989DA29CD28}.Release|Any CPU.ActiveCfg = Release|Any CPU
		{0B55401F-58B0-43F8-9C1D-E989DA29CD28}.Release|Any CPU.Build.0 = Release|Any CPU
	EndGlobalSection
	GlobalSection(SolutionProperties) = preSolution
		HideSolutionNode = FALSE
	EndGlobalSection
	GlobalSection(NestedProjects) = preSolution
		{8EB91ED9-F6F3-4C45-B813-8B7125079368} = {31258D5E-E06B-4A7D-AC95-C0BB293BB5D4}
		{0B55401F-58B0-43F8-9C1D-E989DA29CD28} = {31258D5E-E06B-4A7D-AC95-C0BB293BB5D4}
	EndGlobalSection
	GlobalSection(ExtensibilityGlobals) = postSolution
		SolutionGuid = {F7AE0057-F4D3-4505-9E17-578D8F96D29D}
	EndGlobalSection
EndGlobal
